
Microsoft Visual Studio Solution File, Format Version 12.00
# Visual Studio Version 17
VisualStudioVersion = 17.5.002.0
MinimumVisualStudioVersion = 10.0.40219.1
Project("{9A19103F-16F7-4668-BE54-9A1E7A4F7556}") = "sewnash", "sewnash.csproj", "{79AA6242-D26E-4993-923E-8B89D9B7DF1C}"
EndProject
Global
	GlobalSection(SolutionConfigurationPlatforms) = preSolution
		Debug|Any CPU = Debug|Any CPU
		Release|Any CPU = Release|Any CPU
	EndGlobalSection
	GlobalSection(ProjectConfigurationPlatforms) = postSolution
		{79AA6242-D26E-4993-923E-8B89D9B7DF1C}.Debug|Any CPU.ActiveCfg = Debug|Any CPU
		{79AA6242-D26E-4993-923E-8B89D9B7DF1C}.Debug|Any CPU.Build.0 = Debug|Any CPU
		{79AA6242-D26E-4993-923E-8B89D9B7DF1C}.Release|Any CPU.ActiveCfg = Release|Any CPU
		{79AA6242-D26E-4993-923E-8B89D9B7DF1C}.Release|Any CPU.Build.0 = Release|Any CPU
	EndGlobalSection
	GlobalSection(SolutionProperties) = preSolution
		HideSolutionNode = FALSE
	EndGlobalSection
	GlobalSection(ExtensibilityGlobals) = postSolution
		SolutionGuid = {4A2E591C-13BF-4AF2-A862-683E94217E01}
	EndGlobalSection
EndGlobal
